{
  "name": "js",
  "lockfileVersion": 2,
  "requires": true,
  "packages": {
    "": {
      "dependencies": {
        "markedjs": "^0.0.1-security"
      }
    },
    "node_modules/markedjs": {
      "version": "0.0.1-security",
      "resolved": "https://registry.npmmirror.com/markedjs/-/markedjs-0.0.1-security.tgz",
      "integrity": "sha512-2UllsGTC0mJjyFlbt3eUd+CB2jGfzoziOlHD8Zl246BF42KmimFBA02NLAVthnZxwJYGrTa2dkv60WTK8v0C6w=="
    }
  },
  "dependencies": {
    "markedjs": {
      "version": "0.0.1-security",
      "resolved": "https://registry.npmmirror.com/markedjs/-/markedjs-0.0.1-security.tgz",
      "integrity": "sha512-2UllsGTC0mJjyFlbt3eUd+CB2jGfzoziOlHD8Zl246BF42KmimFBA02NLAVthnZxwJYGrTa2dkv60WTK8v0C6w=="
    }
  }
}
